<Solution>
  <Project Path="cw01_/cw01_zad1-3.csproj" />
  <Project Path="cw01_zad4/cw01_zad4.csproj" />
  <Project Path="cw01_zad5/cw01_zad5.csproj" />
  <Project Path="cw01_zad6/cw01_zad6.csproj" />
  <Project Path="cw01_zad7/cw01_zad7.csproj" />
  <Project Path="cw01_zad8/cw01_zad8.csproj" />
</Solution>
